// !$*UTF8*$!
{
	archiveVersion = 1;
	classes = {
	};
	objectVersion = 46;
	objects = {

/* Begin PBXBuildFile section */
		E633FAB71EF0047F0045E532 /* AppDelegate.swift in Sources */ = {isa = PBXBuildFile; fileRef = E633FAB61EF0047F0045E532 /* AppDelegate.swift */; };
		E633FAB91EF0047F0045E532 /* ViewController.swift in Sources */ = {isa = PBXBuildFile; fileRef = E633FAB81EF0047F0045E532 /* ViewController.swift */; };
		E633FABC1EF0047F0045E532 /* Main.storyboard in Resources */ = {isa = PBXBuildFile; fileRef = E633FABA1EF0047F0045E532 /* Main.storyboard */; };
		E633FABE1EF0047F0045E532 /* Assets.xcassets in Resources */ = {isa = PBXBuildFile; fileRef = E633FABD1EF0047F0045E532 /* Assets.xcassets */; };
		E633FAC11EF0047F0045E532 /* LaunchScreen.storyboard in Resources */ = {isa = PBXBuildFile; fileRef = E633FABF1EF0047F0045E532 /* LaunchScreen.storyboard */; };
		E633FAC91EF03FC20045E532 /* DataVariables.swift in Sources */ = {isa = PBXBuildFile; fileRef = E633FAC81EF03FC20045E532 /* DataVariables.swift */; };
/* End PBXBuildFile section */

/* Begin PBXFileReference section */
		E633FAB31EF0047F0045E532 /* ComCounter.app */ = {isa = PBXFileReference; explicitFileType = wrapper.application; includeInIndex = 0; path = ComCounter.app; sourceTree = BUILT_PRODUCTS_DIR; };
		E633FAB61EF0047F0045E532 /* AppDelegate.swift */ = {isa = PBXFileReference; lastKnownFileType = sourcecode.swift; path = AppDelegate.swift; sourceTree = "<group>"; };
		E633FAB81EF0047F0045E532 /* ViewController.swift */ = {isa = PBXFileReference; lastKnownFileType = sourcecode.swift; path = ViewController.swift; sourceTree = "<group>"; };
		E633FABB1EF0047F0045E532 /* Base */ = {isa = PBXFileReference; lastKnownFileType = file.storyboard; name = Base; path = Base.lproj/Main.storyboard; sourceTree = "<group>"; };
		E633FABD1EF0047F0045E532 /* Assets.xcassets */ = {isa = PBXFileReference; lastKnownFileType = folder.assetcatalog; path = Assets.xcassets; sourceTree = "<group>"; };
		E633FAC01EF0047F0045E532 /* Base */ = {isa = PBXFileReference; lastKnownFileType = file.storyboard; name = Base; path = Base.lproj/LaunchScreen.storyboard; sourceTree = "<group>"; };
		E633FAC21EF0047F0045E532 /* Info.plist */ = {isa = PBXFileReference; lastKnownFileType = text.plist.xml; path = Info.plist; sourceTree = "<group>"; };
		E633FAC81EF03FC20045E532 /* DataVariables.swift */ = {isa = PBXFileReference; fileEncoding = 4; lastKnownFileType = sourcecode.swift; path = DataVariables.swift; sourceTree = "<group>"; };
/* End PBXFileReference section */

/* Begin PBXFrameworksBuildPhase section */
		E633FAB01EF0047F0045E532 /* Frameworks */ = {
			isa = PBXFrameworksBuildPhase;
			buildActionMask = 2147483647;
			files = (
			);
			runOnlyForDeploymentPostprocessing = 0;
		};
/* End PBXFrameworksBuildPhase section */

/* Begin PBXGroup section */
		E633FAAA1EF0047F0045E532 = {
			isa = PBXGroup;
			children = (
				E633FAB51EF0047F0045E532 /* ComCounter */,
				E633FAB41EF0047F0045E532 /* Products */,
			);
			sourceTree = "<group>";
		};
		E633FAB41EF0047F0045E532 /* Products */ = {
			isa = PBXGroup;
			children = (
				E633FAB31EF0047F0045E532 /* ComCounter.app */,
			);
			name = Products;
			sourceTree = "<group>";
		};
		E633FAB51EF0047F0045E532 /* ComCounter */ = {
			isa = PBXGroup;
			children = (
				E633FAB61EF0047F0045E532 /* AppDelegate.swift */,
				E633FAB81EF0047F0045E532 /* ViewController.swift */,
				E633FAC81EF03FC20045E532 /* DataVariables.swift */,
				E633FABA1EF0047F0045E532 /* Main.storyboard */,
				E633FABD1EF0047F0045E532 /* Assets.xcassets */,
				E633FABF1EF0047F0045E532 /* LaunchScreen.storyboard */,
				E633FAC21EF0047F0045E532 /* Info.plist */,
			);
			path = ComCounter;
			sourceTree = "<group>";
		};
/* End PBXGroup section */

/* Begin PBXNativeTarget section */
		E633FAB21EF0047F0045E532 /* ComCounter */ = {
			isa = PBXNativeTarget;
			buildConfigurationList = E633FAC51EF0047F0045E532 /* Build configuration list for PBXNativeTarget "ComCounter" */;
			buildPhases = (
				E633FAAF1EF0047F0045E532 /* Sources */,
				E633FAB01EF0047F0045E532 /* Frameworks */,
				E633FAB11EF0047F0045E532 /* Resources */,
			);
			buildRules = (
			);
			dependencies = (
			);
			name = ComCounter;
			productName = ComCounter;
			productReference = E633FAB31EF0047F0045E532 /* ComCounter.app */;
			productType = "com.apple.product-type.application";
		};
/* End PBXNativeTarget section */

/* Begin PBXProject section */
		E633FAAB1EF0047F0045E532 /* Project object */ = {
			isa = PBXProject;
			attributes = {
				LastSwiftUpdateCheck = 0830;
				LastUpgradeCheck = 0830;
				ORGANIZATIONNAME = "Andrian Kryk";
				TargetAttributes = {
					E633FAB21EF0047F0045E532 = {
						CreatedOnToolsVersion = 8.3.3;
						ProvisioningStyle = Automatic;
					};
				};
			};
			buildConfigurationList = E633FAAE1EF0047F0045E532 /* Build configuration list for PBXProject "ComCounter" */;
			compatibilityVersion = "Xcode 3.2";
			developmentRegion = English;
			hasScannedForEncodings = 0;
			knownRegions = (
				en,
				Base,
			);
			mainGroup = E633FAAA1EF0047F0045E532;
			productRefGroup = E633FAB41EF0047F0045E532 /* Products */;
			projectDirPath = "";
			projectRoot = "";
			targets = (
				E633FAB21EF0047F0045E532 /* ComCounter */,
			);
		};
/* End PBXProject section */

/* Begin PBXResourcesBuildPhase section */
		E633FAB11EF0047F0045E532 /* Resources */ = {
			isa = PBXResourcesBuildPhase;
			buildActionMask = 2147483647;
			files = (
				E633FAC11EF0047F0045E532 /* LaunchScreen.storyboard in Resources */,
				E633FABE1EF0047F0045E532 /* Assets.xcassets in Resources */,
				E633FABC1EF0047F0045E532 /* Main.storyboard in Resources */,
			);
			runOnlyForDeploymentPostprocessing = 0;
		};
/* End PBXResourcesBuildPhase section */

/* Begin PBXSourcesBuildPhase section */
		E633FAAF1EF0047F0045E532 /* Sources */ = {
			isa = PBXSourcesBuildPhase;
			buildActionMask = 2147483647;
			files = (
				E633FAC91EF03FC20045E532 /* DataVariables.swift in Sources */,
				E633FAB91EF0047F0045E532 /* ViewController.swift in Sources */,
				E633FAB71EF0047F0045E532 /* AppDelegate.swift in Sources */,
			);
			runOnlyForDeploymentPostprocessing = 0;
		};
/* End PBXSourcesBuildPhase section */

/* Begin PBXVariantGroup section */
		E633FABA1EF0047F0045E532 /* Main.storyboard */ = {
			isa = PBXVariantGroup;
			children = (
				E633FABB1EF0047F0045E532 /* Base */,
			);
			name = Main.storyboard;
			sourceTree = "<group>";
		};
		E633FABF1EF0047F0045E532 /* LaunchScreen.storyboard */ = {
			isa = PBXVariantGroup;
			children = (
				E633FAC01EF0047F0045E532 /* Base */,
			);
			name = LaunchScreen.storyboard;
			sourceTree = "<group>";
		};
/* End PBXVariantGroup section */

/* Begin XCBuildConfiguration section */
		E633FAC31EF0047F0045E532 /* Debug */ = {
			isa = XCBuildConfiguration;
			buildSettings = {
				ALWAYS_SEARCH_USER_PATHS = NO;
				CLANG_ANALYZER_NONNULL = YES;
				CLANG_ANALYZER_NUMBER_OBJECT_CONVERSION = YES_AGGRESSIVE;
				CLANG_CXX_LANGUAGE_STANDARD = "gnu++0x";
				CLANG_CXX_LIBRARY = "libc++";
				CLANG_ENABLE_MODULES = YES;
				CLANG_ENABLE_OBJC_ARC = YES;
				CLANG_WARN_BOOL_CONVERSION = YES;
				CLANG_WARN_CONSTANT_CONVERSION = YES;
				CLANG_WARN_DIRECT_OBJC_ISA_USAGE = YES_ERROR;
				CLANG_WARN_DOCUMENTATION_COMMENTS = YES;
				CLANG_WARN_EMPTY_BODY = YES;
				CLANG_WARN_ENUM_CONVERSION = YES;
				CLANG_WARN_INFINITE_RECURSION = YES;
				CLANG_WARN_INT_CONVERSION = YES;
				CLANG_WARN_OBJC_ROOT_CLASS = YES_ERROR;
				CLANG_WARN_SUSPICIOUS_MOVE = YES;
				CLANG_WARN_UNREACHABLE_CODE = YES;
				CLANG_WARN__DUPLICATE_METHOD_MATCH = YES;
				"CODE_SIGN_IDENTITY[sdk=iphoneos*]" = "iPhone Developer";
				COPY_PHASE_STRIP = NO;
				DEBUG_INFORMATION_FORMAT = dwarf;
				ENABLE_STRICT_OBJC_MSGSEND = YES;
				ENABLE_TESTABILITY = YES;
				GCC_C_LANGUAGE_STANDARD = gnu99;
				GCC_DYNAMIC_NO_PIC = NO;
				GCC_NO_COMMON_BLOCKS = YES;
				GCC_OPTIMIZATION_LEVEL = 0;
				GCC_PREPROCESSOR_DEFINITIONS = (
					"DEBUG=1",
					"$(inherited)",
				);
				GCC_WARN_64_TO_32_BIT_CONVERSION = YES;
				GCC_WARN_ABOUT_RETURN_TYPE = YES_ERROR;
				GCC_WARN_UNDECLARED_SELECTOR = YES;
				GCC_WARN_UNINITIALIZED_AUTOS = YES_AGGRESSIVE;
				GCC_WARN_UNUSED_FUNCTION = YES;
				GCC_WARN_UNUSED_VARIABLE = YES;
				IPHONEOS_DEPLOYMENT_TARGET = 10.3;
				MTL_ENABLE_DEBUG_INFO = YES;
				ONLY_ACTIVE_ARCH = YES;
				SDKROOT = iphoneos;
				SWIFT_ACTIVE_COMPILATION_CONDITIONS = DEBUG;
				SWIFT_OPTIMIZATION_LEVEL = "-Onone";
				TARGETED_DEVICE_FAMILY = "1,2";
			};
			name = Debug;
		};
		E633FAC41EF0047F0045E532 /* Release */ = {
			isa = XCBuildConfiguration;
			buildSettings = {
				ALWAYS_SEARCH_USER_PATHS = NO;
				CLANG_ANALYZER_NONNULL = YES;
				CLANG_ANALYZER_NUMBER_OBJECT_CONVERSION = YES_AGGRESSIVE;
				CLANG_CXX_LANGUAGE_STANDARD = "gnu++0x";
				CLANG_CXX_LIBRARY = "libc++";
				CLANG_ENABLE_MODULES = YES;
				CLANG_ENABLE_OBJC_ARC = YES;
				CLANG_WARN_BOOL_CONVERSION = YES;
				CLANG_WARN_CONSTANT_CONVERSION = YES;
				CLANG_WARN_DIRECT_OBJC_ISA_USAGE = YES_ERROR;
				CLANG_WARN_DOCUMENTATION_COMMENTS = YES;
				CLANG_WARN_EMPTY_BODY = YES;
				CLANG_WARN_ENUM_CONVERSION = YES;
				CLANG_WARN_INFINITE_RECURSION = YES;
				CLANG_WARN_INT_CONVERSION = YES;
				CLANG_WARN_OBJC_ROOT_CLASS = YES_ERROR;
				CLANG_WARN_SUSPICIOUS_MOVE = YES;
				CLANG_WARN_UNREACHABLE_CODE = YES;
				CLANG_WARN__DUPLICATE_METHOD_MATCH = YES;
				"CODE_SIGN_IDENTITY[sdk=iphoneos*]" = "iPhone Developer";
				COPY_PHASE_STRIP = NO;
				DEBUG_INFORMATION_FORMAT = "dwarf-with-dsym";
				ENABLE_NS_ASSERTIONS = NO;
				ENABLE_STRICT_OBJC_MSGSEND = YES;
				GCC_C_LANGUAGE_STANDARD = gnu99;
				GCC_NO_COMMON_BLOCKS = YES;
				GCC_WARN_64_TO_32_BIT_CONVERSION = YES;
				GCC_WARN_ABOUT_RETURN_TYPE = YES_ERROR;
				GCC_WARN_UNDECLARED_SELECTOR = YES;
				GCC_WARN_UNINITIALIZED_AUTOS = YES_AGGRESSIVE;
				GCC_WARN_UNUSED_FUNCTION = YES;
				GCC_WARN_UNUSED_VARIABLE = YES;
				IPHONEOS_DEPLOYMENT_TARGET = 10.3;
				MTL_ENABLE_DEBUG_INFO = NO;
				SDKROOT = iphoneos;
				SWIFT_OPTIMIZATION_LEVEL = "-Owholemodule";
				TARGETED_DEVICE_FAMILY = "1,2";
				VALIDATE_PRODUCT = YES;
			};
			name = Release;
		};
		E633FAC61EF0047F0045E532 /* Debug */ = {
			isa = XCBuildConfiguration;
			buildSettings = {
				ASSETCATALOG_COMPILER_APPICON_NAME = AppIcon;
				INFOPLIST_FILE = ComCounter/Info.plist;
				LD_RUNPATH_SEARCH_PATHS = "$(inherited) @executable_path/Frameworks";
				PRODUCT_BUNDLE_IDENTIFIER = andriankryk.ComCounter;
				PRODUCT_NAME = "$(TARGET_NAME)";
				SWIFT_VERSION = 3.0;
			};
			name = Debug;
		};
		E633FAC71EF0047F0045E532 /* Release */ = {
			isa = XCBuildConfiguration;
			buildSettings = {
				ASSETCATALOG_COMPILER_APPICON_NAME = AppIcon;
				INFOPLIST_FILE = ComCounter/Info.plist;
				LD_RUNPATH_SEARCH_PATHS = "$(inherited) @executable_path/Frameworks";
				PRODUCT_BUNDLE_IDENTIFIER = andriankryk.ComCounter;
				PRODUCT_NAME = "$(TARGET_NAME)";
				SWIFT_VERSION = 3.0;
			};
			name = Release;
		};
/* End XCBuildConfiguration section */

/* Begin XCConfigurationList section */
		E633FAAE1EF0047F0045E532 /* Build configuration list for PBXProject "ComCounter" */ = {
			isa = XCConfigurationList;
			buildConfigurations = (
				E633FAC31EF0047F0045E532 /* Debug */,
				E633FAC41EF0047F0045E532 /* Release */,
			);
			defaultConfigurationIsVisible = 0;
			defaultConfigurationName = Release;
		};
		E633FAC51EF0047F0045E532 /* Build configuration list for PBXNativeTarget "ComCounter" */ = {
			isa = XCConfigurationList;
			buildConfigurations = (
				E633FAC61EF0047F0045E532 /* Debug */,
				E633FAC71EF0047F0045E532 /* Release */,
			);
			defaultConfigurationIsVisible = 0;
		};
/* End XCConfigurationList section */
	};
	rootObject = E633FAAB1EF0047F0045E532 /* Project object */;
}
